
Microsoft Visual Studio Solution File, Format Version 12.00
# Visual Studio Version 16
VisualStudioVersion = 16.0.32630.194
MinimumVisualStudioVersion = 10.0.40219.1
Project("{FAE04EC0-301F-11D3-BF4B-00C04F79EFBC}") = "Menu", "Menu\Menu.csproj", "{5F698070-C4C8-465E-85BC-16AEDEA3E99E}"
EndProject
Global
	GlobalSection(SolutionConfigurationPlatforms) = preSolution
		Debug|Any CPU = Debug|Any CPU
		Release|Any CPU = Release|Any CPU
	EndGlobalSection
	GlobalSection(ProjectConfigurationPlatforms) = postSolution
		{5F698070-C4C8-465E-85BC-16AEDEA3E99E}.Debug|Any CPU.ActiveCfg = Debug|Any CPU
		{5F698070-C4C8-465E-85BC-16AEDEA3E99E}.Debug|Any CPU.Build.0 = Debug|Any CPU
		{5F698070-C4C8-465E-85BC-16AEDEA3E99E}.Release|Any CPU.ActiveCfg = Release|Any CPU
		{5F698070-C4C8-465E-85BC-16AEDEA3E99E}.Release|Any CPU.Build.0 = Release|Any CPU
	EndGlobalSection
	GlobalSection(SolutionProperties) = preSolution
		HideSolutionNode = FALSE
	EndGlobalSection
	GlobalSection(ExtensibilityGlobals) = postSolution
		SolutionGuid = {5150B407-AEBB-41F9-9D9A-64A4C4EFECE5}
	EndGlobalSection
EndGlobal
